
Microsoft Visual Studio Solution File, Format Version 12.00
# Visual Studio Version 17
VisualStudioVersion = 17.9.34728.123
MinimumVisualStudioVersion = 10.0.40219.1
Project("{FAE04EC0-301F-11D3-BF4B-00C04F79EFBC}") = "ThreadsTasksAndRealTimeData", "ThreadsTasksAndRealTimeData\ThreadsTasksAndRealTimeData.csproj", "{57B24D50-B83B-47B5-AA77-C7652E0B35DB}"
EndProject
Global
	GlobalSection(SolutionConfigurationPlatforms) = preSolution
		Debug|Any CPU = Debug|Any CPU
		Release|Any CPU = Release|Any CPU
	EndGlobalSection
	GlobalSection(ProjectConfigurationPlatforms) = postSolution
		{57B24D50-B83B-47B5-AA77-C7652E0B35DB}.Debug|Any CPU.ActiveCfg = Debug|Any CPU
		{57B24D50-B83B-47B5-AA77-C7652E0B35DB}.Debug|Any CPU.Build.0 = Debug|Any CPU
		{57B24D50-B83B-47B5-AA77-C7652E0B35DB}.Release|Any CPU.ActiveCfg = Release|Any CPU
		{57B24D50-B83B-47B5-AA77-C7652E0B35DB}.Release|Any CPU.Build.0 = Release|Any CPU
	EndGlobalSection
	GlobalSection(SolutionProperties) = preSolution
		HideSolutionNode = FALSE
	EndGlobalSection
	GlobalSection(ExtensibilityGlobals) = postSolution
		SolutionGuid = {05977702-F428-497B-8563-DE149A2E4F47}
	EndGlobalSection
EndGlobal
